
Microsoft Visual Studio Solution File, Format Version 12.00
# Visual Studio Version 17
VisualStudioVersion = 17.10.34928.147
MinimumVisualStudioVersion = 10.0.40219.1
Project("{9A19103F-16F7-4668-BE54-9A1E7A4F7556}") = "ChatGptMVC", "ChatGptMVC\ChatGptMVC.csproj", "{86FEB7E1-C930-466D-863C-286B9B8BE053}"
EndProject
Project("{9A19103F-16F7-4668-BE54-9A1E7A4F7556}") = "APIChatGpt", "APIChatGpt\APIChatGpt.csproj", "{66FD8EA1-968D-4302-931F-4F9742C6A9F8}"
EndProject
Global
	GlobalSection(SolutionConfigurationPlatforms) = preSolution
		Debug|Any CPU = Debug|Any CPU
		Release|Any CPU = Release|Any CPU
	EndGlobalSection
	GlobalSection(ProjectConfigurationPlatforms) = postSolution
		{86FEB7E1-C930-466D-863C-286B9B8BE053}.Debug|Any CPU.ActiveCfg = Debug|Any CPU
		{86FEB7E1-C930-466D-863C-286B9B8BE053}.Debug|Any CPU.Build.0 = Debug|Any CPU
		{86FEB7E1-C930-466D-863C-286B9B8BE053}.Release|Any CPU.ActiveCfg = Release|Any CPU
		{86FEB7E1-C930-466D-863C-286B9B8BE053}.Release|Any CPU.Build.0 = Release|Any CPU
		{66FD8EA1-968D-4302-931F-4F9742C6A9F8}.Debug|Any CPU.ActiveCfg = Debug|Any CPU
		{66FD8EA1-968D-4302-931F-4F9742C6A9F8}.Debug|Any CPU.Build.0 = Debug|Any CPU
		{66FD8EA1-968D-4302-931F-4F9742C6A9F8}.Release|Any CPU.ActiveCfg = Release|Any CPU
		{66FD8EA1-968D-4302-931F-4F9742C6A9F8}.Release|Any CPU.Build.0 = Release|Any CPU
	EndGlobalSection
	GlobalSection(SolutionProperties) = preSolution
		HideSolutionNode = FALSE
	EndGlobalSection
	GlobalSection(ExtensibilityGlobals) = postSolution
		SolutionGuid = {6B79215A-919F-43CF-A4B6-F9EB55B20766}
	EndGlobalSection
EndGlobal
